
Microsoft Visual Studio Solution File, Format Version 12.00
# Visual Studio Version 17
VisualStudioVersion = 17.2.32616.157
MinimumVisualStudioVersion = 10.0.40219.1
Project("{FAE04EC0-301F-11D3-BF4B-00C04F79EFBC}") = "CheckIp", "CheckIp\CheckIp.csproj", "{DF0777CF-0A4D-4CB6-A9A8-DA9FEBF551A3}"
EndProject
Global
	GlobalSection(SolutionConfigurationPlatforms) = preSolution
		Debug|Any CPU = Debug|Any CPU
		Release|Any CPU = Release|Any CPU
	EndGlobalSection
	GlobalSection(ProjectConfigurationPlatforms) = postSolution
		{DF0777CF-0A4D-4CB6-A9A8-DA9FEBF551A3}.Debug|Any CPU.ActiveCfg = Debug|Any CPU
		{DF0777CF-0A4D-4CB6-A9A8-DA9FEBF551A3}.Debug|Any CPU.Build.0 = Debug|Any CPU
		{DF0777CF-0A4D-4CB6-A9A8-DA9FEBF551A3}.Release|Any CPU.ActiveCfg = Release|Any CPU
		{DF0777CF-0A4D-4CB6-A9A8-DA9FEBF551A3}.Release|Any CPU.Build.0 = Release|Any CPU
	EndGlobalSection
	GlobalSection(SolutionProperties) = preSolution
		HideSolutionNode = FALSE
	EndGlobalSection
	GlobalSection(ExtensibilityGlobals) = postSolution
		SolutionGuid = {C8BD4FA7-455A-4987-B8D3-469C8C80D868}
	EndGlobalSection
EndGlobal
